
Microsoft Visual Studio Solution File, Format Version 12.00
# Visual Studio 15
VisualStudioVersion = 15.0.28307.779
MinimumVisualStudioVersion = 10.0.40219.1
Project("{FAE04EC0-301F-11D3-BF4B-00C04F79EFBC}") = "Semana08", "Semana08\Semana08.csproj", "{83140C72-2EF9-4552-9CC8-E45D7C85D652}"
EndProject
Project("{FAE04EC0-301F-11D3-BF4B-00C04F79EFBC}") = "Semana08.Tests", "Semana08.Tests\Semana08.Tests.csproj", "{5F388C26-30FA-43BB-99E7-E334D93BAAE5}"
EndProject
Global
	GlobalSection(SolutionConfigurationPlatforms) = preSolution
		Debug|Any CPU = Debug|Any CPU
		Release|Any CPU = Release|Any CPU
	EndGlobalSection
	GlobalSection(ProjectConfigurationPlatforms) = postSolution
		{83140C72-2EF9-4552-9CC8-E45D7C85D652}.Debug|Any CPU.ActiveCfg = Debug|Any CPU
		{83140C72-2EF9-4552-9CC8-E45D7C85D652}.Debug|Any CPU.Build.0 = Debug|Any CPU
		{83140C72-2EF9-4552-9CC8-E45D7C85D652}.Release|Any CPU.ActiveCfg = Release|Any CPU
		{83140C72-2EF9-4552-9CC8-E45D7C85D652}.Release|Any CPU.Build.0 = Release|Any CPU
		{5F388C26-30FA-43BB-99E7-E334D93BAAE5}.Debug|Any CPU.ActiveCfg = Debug|Any CPU
		{5F388C26-30FA-43BB-99E7-E334D93BAAE5}.Debug|Any CPU.Build.0 = Debug|Any CPU
		{5F388C26-30FA-43BB-99E7-E334D93BAAE5}.Release|Any CPU.ActiveCfg = Release|Any CPU
		{5F388C26-30FA-43BB-99E7-E334D93BAAE5}.Release|Any CPU.Build.0 = Release|Any CPU
	EndGlobalSection
	GlobalSection(SolutionProperties) = preSolution
		HideSolutionNode = FALSE
	EndGlobalSection
	GlobalSection(ExtensibilityGlobals) = postSolution
		SolutionGuid = {1DE9E12B-C226-4832-8067-50F6CBBC2BCF}
	EndGlobalSection
EndGlobal
